
Microsoft Visual Studio Solution File, Format Version 12.00
# Visual Studio 15
VisualStudioVersion = 15.0.27130.2024
MinimumVisualStudioVersion = 10.0.40219.1
Project("{FAE04EC0-301F-11D3-BF4B-00C04F79EFBC}") = "yadd-cli", "yadd-cli\yadd-cli.csproj", "{B826E057-48D8-478C-AD85-FBA099AF5E45}"
EndProject
Project("{FAE04EC0-301F-11D3-BF4B-00C04F79EFBC}") = "yadd-core", "yadd-core\yadd-core.csproj", "{0D901C67-CB99-49CD-8717-7871BD92D74D}"
EndProject
Project("{FAE04EC0-301F-11D3-BF4B-00C04F79EFBC}") = "yadd-core.UnitTests", "yadd-core.UnitTests\yadd-core.UnitTests.csproj", "{B3F5A8FD-EC10-4240-BE7E-E0C5AE18C3BC}"
EndProject
Global
	GlobalSection(SolutionConfigurationPlatforms) = preSolution
		Debug|Any CPU = Debug|Any CPU
		Release|Any CPU = Release|Any CPU
	EndGlobalSection
	GlobalSection(ProjectConfigurationPlatforms) = postSolution
		{B826E057-48D8-478C-AD85-FBA099AF5E45}.Debug|Any CPU.ActiveCfg = Debug|Any CPU
		{B826E057-48D8-478C-AD85-FBA099AF5E45}.Debug|Any CPU.Build.0 = Debug|Any CPU
		{B826E057-48D8-478C-AD85-FBA099AF5E45}.Release|Any CPU.ActiveCfg = Release|Any CPU
		{B826E057-48D8-478C-AD85-FBA099AF5E45}.Release|Any CPU.Build.0 = Release|Any CPU
		{0D901C67-CB99-49CD-8717-7871BD92D74D}.Debug|Any CPU.ActiveCfg = Debug|Any CPU
		{0D901C67-CB99-49CD-8717-7871BD92D74D}.Debug|Any CPU.Build.0 = Debug|Any CPU
		{0D901C67-CB99-49CD-8717-7871BD92D74D}.Release|Any CPU.ActiveCfg = Release|Any CPU
		{0D901C67-CB99-49CD-8717-7871BD92D74D}.Release|Any CPU.Build.0 = Release|Any CPU
		{B3F5A8FD-EC10-4240-BE7E-E0C5AE18C3BC}.Debug|Any CPU.ActiveCfg = Debug|Any CPU
		{B3F5A8FD-EC10-4240-BE7E-E0C5AE18C3BC}.Debug|Any CPU.Build.0 = Debug|Any CPU
		{B3F5A8FD-EC10-4240-BE7E-E0C5AE18C3BC}.Release|Any CPU.ActiveCfg = Release|Any CPU
		{B3F5A8FD-EC10-4240-BE7E-E0C5AE18C3BC}.Release|Any CPU.Build.0 = Release|Any CPU
	EndGlobalSection
	GlobalSection(SolutionProperties) = preSolution
		HideSolutionNode = FALSE
	EndGlobalSection
	GlobalSection(ExtensibilityGlobals) = postSolution
		SolutionGuid = {2A2E4CB4-575F-4BA0-BB90-8B5D77B92988}
	EndGlobalSection
EndGlobal
