
Microsoft Visual Studio Solution File, Format Version 12.00
# Visual Studio Version 16
VisualStudioVersion = 16.0.30804.86
MinimumVisualStudioVersion = 10.0.40219.1
Project("{9A19103F-16F7-4668-BE54-9A1E7A4F7556}") = "cli", "cli\cli.csproj", "{06078C6C-EA62-42ED-B8B7-BD35A0ABFCA6}"
EndProject
Project("{9A19103F-16F7-4668-BE54-9A1E7A4F7556}") = "core", "core\core.csproj", "{98AC351D-37CA-4FA3-83D2-A0886D3B0093}"
EndProject
Project("{2150E333-8FDC-42A3-9474-1A3956D46DE8}") = "providers", "providers", "{743B5B97-2FFF-4522-8AED-E13511BFBBCA}"
	ProjectSection(SolutionItems) = preProject
		providers\providers.toml = providers\providers.toml
	EndProjectSection
EndProject
Project("{9A19103F-16F7-4668-BE54-9A1E7A4F7556}") = "postgresql-provider", "providers\postgresql\postgresql-provider.csproj", "{1B1576A7-9536-4424-AC98-65095C7CD4ED}"
EndProject
Project("{9A19103F-16F7-4668-BE54-9A1E7A4F7556}") = "mssql-provider", "providers\mssql\mssql-provider.csproj", "{29F71F9D-4CA6-40EE-B17F-544BC496CE1D}"
EndProject
Project("{2150E333-8FDC-42A3-9474-1A3956D46DE8}") = "doc", "doc", "{CF9CD1F2-D946-43BF-BE64-27877E285BAF}"
	ProjectSection(SolutionItems) = preProject
		..\README.md = ..\README.md
	EndProjectSection
EndProject
Project("{2150E333-8FDC-42A3-9474-1A3956D46DE8}") = "tests", "tests", "{7986E9E9-FD65-4AC1-9C00-CE6257F4FD6D}"
EndProject
Project("{9A19103F-16F7-4668-BE54-9A1E7A4F7556}") = "core.unit.tests", "test\core.unit.tests\core.unit.tests.csproj", "{384B3C0E-D13F-4F6A-8BE0-CF1174D8570E}"
EndProject
Project("{2150E333-8FDC-42A3-9474-1A3956D46DE8}") = "pipeline", "pipeline", "{548EF210-0C39-4A91-B328-B85468466BB7}"
	ProjectSection(SolutionItems) = preProject
		..\.github\workflows\build-and-publish.yml = ..\.github\workflows\build-and-publish.yml
	EndProjectSection
EndProject
Project("{9A19103F-16F7-4668-BE54-9A1E7A4F7556}") = "mysql-provider", "providers\mysql\mysql-provider.csproj", "{B5837C48-9106-4AC4-BE06-C2ACEF3A1660}"
EndProject
Global
	GlobalSection(SolutionConfigurationPlatforms) = preSolution
		Debug|Any CPU = Debug|Any CPU
		Release|Any CPU = Release|Any CPU
	EndGlobalSection
	GlobalSection(ProjectConfigurationPlatforms) = postSolution
		{06078C6C-EA62-42ED-B8B7-BD35A0ABFCA6}.Debug|Any CPU.ActiveCfg = Debug|Any CPU
		{06078C6C-EA62-42ED-B8B7-BD35A0ABFCA6}.Debug|Any CPU.Build.0 = Debug|Any CPU
		{06078C6C-EA62-42ED-B8B7-BD35A0ABFCA6}.Release|Any CPU.ActiveCfg = Release|Any CPU
		{06078C6C-EA62-42ED-B8B7-BD35A0ABFCA6}.Release|Any CPU.Build.0 = Release|Any CPU
		{98AC351D-37CA-4FA3-83D2-A0886D3B0093}.Debug|Any CPU.ActiveCfg = Debug|Any CPU
		{98AC351D-37CA-4FA3-83D2-A0886D3B0093}.Debug|Any CPU.Build.0 = Debug|Any CPU
		{98AC351D-37CA-4FA3-83D2-A0886D3B0093}.Release|Any CPU.ActiveCfg = Release|Any CPU
		{98AC351D-37CA-4FA3-83D2-A0886D3B0093}.Release|Any CPU.Build.0 = Release|Any CPU
		{1B1576A7-9536-4424-AC98-65095C7CD4ED}.Debug|Any CPU.ActiveCfg = Debug|Any CPU
		{1B1576A7-9536-4424-AC98-65095C7CD4ED}.Debug|Any CPU.Build.0 = Debug|Any CPU
		{1B1576A7-9536-4424-AC98-65095C7CD4ED}.Release|Any CPU.ActiveCfg = Release|Any CPU
		{1B1576A7-9536-4424-AC98-65095C7CD4ED}.Release|Any CPU.Build.0 = Release|Any CPU
		{29F71F9D-4CA6-40EE-B17F-544BC496CE1D}.Debug|Any CPU.ActiveCfg = Debug|Any CPU
		{29F71F9D-4CA6-40EE-B17F-544BC496CE1D}.Debug|Any CPU.Build.0 = Debug|Any CPU
		{29F71F9D-4CA6-40EE-B17F-544BC496CE1D}.Release|Any CPU.ActiveCfg = Release|Any CPU
		{29F71F9D-4CA6-40EE-B17F-544BC496CE1D}.Release|Any CPU.Build.0 = Release|Any CPU
		{384B3C0E-D13F-4F6A-8BE0-CF1174D8570E}.Debug|Any CPU.ActiveCfg = Debug|Any CPU
		{384B3C0E-D13F-4F6A-8BE0-CF1174D8570E}.Debug|Any CPU.Build.0 = Debug|Any CPU
		{384B3C0E-D13F-4F6A-8BE0-CF1174D8570E}.Release|Any CPU.ActiveCfg = Release|Any CPU
		{384B3C0E-D13F-4F6A-8BE0-CF1174D8570E}.Release|Any CPU.Build.0 = Release|Any CPU
		{B5837C48-9106-4AC4-BE06-C2ACEF3A1660}.Debug|Any CPU.ActiveCfg = Debug|Any CPU
		{B5837C48-9106-4AC4-BE06-C2ACEF3A1660}.Debug|Any CPU.Build.0 = Debug|Any CPU
		{B5837C48-9106-4AC4-BE06-C2ACEF3A1660}.Release|Any CPU.ActiveCfg = Release|Any CPU
		{B5837C48-9106-4AC4-BE06-C2ACEF3A1660}.Release|Any CPU.Build.0 = Release|Any CPU
	EndGlobalSection
	GlobalSection(SolutionProperties) = preSolution
		HideSolutionNode = FALSE
	EndGlobalSection
	GlobalSection(NestedProjects) = preSolution
		{1B1576A7-9536-4424-AC98-65095C7CD4ED} = {743B5B97-2FFF-4522-8AED-E13511BFBBCA}
		{29F71F9D-4CA6-40EE-B17F-544BC496CE1D} = {743B5B97-2FFF-4522-8AED-E13511BFBBCA}
		{384B3C0E-D13F-4F6A-8BE0-CF1174D8570E} = {7986E9E9-FD65-4AC1-9C00-CE6257F4FD6D}
		{B5837C48-9106-4AC4-BE06-C2ACEF3A1660} = {743B5B97-2FFF-4522-8AED-E13511BFBBCA}
	EndGlobalSection
	GlobalSection(ExtensibilityGlobals) = postSolution
		SolutionGuid = {8DFD1780-B423-4F34-AEB8-9873C820F06F}
	EndGlobalSection
EndGlobal
